{
    "name": "node-red-project",
    "version": "0.0.1",
    "lockfileVersion": 2,
    "requires": true,
    "packages": {
        "": {
            "name": "node-red-project",
            "version": "0.0.1",
            "dependencies": {
                "node-red-node-random": "~0.4.1",
                "random-generator_node-red-contrib": "~1.0.0"
            }
        },
        "node_modules/node-red-node-random": {
            "version": "0.4.1",
            "resolved": "https://registry.npmjs.org/node-red-node-random/-/node-red-node-random-0.4.1.tgz",
            "integrity": "sha512-GwW0vJeEQNSEwshUQOwN0LMhmD5LQaBdT4I2WFR6yN0jU1baxtqH0ljQo1tCacb/KOi/cLWG6yxTS0AiQPNHIw=="
        },
        "node_modules/random-generator_node-red-contrib": {
            "version": "1.0.0",
            "resolved": "https://registry.npmjs.org/random-generator_node-red-contrib/-/random-generator_node-red-contrib-1.0.0.tgz",
            "integrity": "sha512-9NUM7AGjFBr3aX2Oif3gqJufGvaOXzy/S+gAsyXOab+XRc8N0DJvqXAZ2EgTEUh+x7anMPnPvKGNdbFiBF5LNg==",
            "dependencies": {
                "unique-names-generator": "^4.4.0"
            }
        },
        "node_modules/unique-names-generator": {
            "version": "4.7.1",
            "resolved": "https://registry.npmjs.org/unique-names-generator/-/unique-names-generator-4.7.1.tgz",
            "integrity": "sha512-lMx9dX+KRmG8sq6gulYYpKWZc9RlGsgBR6aoO8Qsm3qvkSJ+3rAymr+TnV8EDMrIrwuFJ4kruzMWM/OpYzPoow==",
            "engines": {
                "node": ">=8"
            }
        }
    },
    "dependencies": {
        "node-red-node-random": {
            "version": "0.4.1",
            "resolved": "https://registry.npmjs.org/node-red-node-random/-/node-red-node-random-0.4.1.tgz",
            "integrity": "sha512-GwW0vJeEQNSEwshUQOwN0LMhmD5LQaBdT4I2WFR6yN0jU1baxtqH0ljQo1tCacb/KOi/cLWG6yxTS0AiQPNHIw=="
        },
        "random-generator_node-red-contrib": {
            "version": "1.0.0",
            "resolved": "https://registry.npmjs.org/random-generator_node-red-contrib/-/random-generator_node-red-contrib-1.0.0.tgz",
            "integrity": "sha512-9NUM7AGjFBr3aX2Oif3gqJufGvaOXzy/S+gAsyXOab+XRc8N0DJvqXAZ2EgTEUh+x7anMPnPvKGNdbFiBF5LNg==",
            "requires": {
                "unique-names-generator": "^4.4.0"
            }
        },
        "unique-names-generator": {
            "version": "4.7.1",
            "resolved": "https://registry.npmjs.org/unique-names-generator/-/unique-names-generator-4.7.1.tgz",
            "integrity": "sha512-lMx9dX+KRmG8sq6gulYYpKWZc9RlGsgBR6aoO8Qsm3qvkSJ+3rAymr+TnV8EDMrIrwuFJ4kruzMWM/OpYzPoow=="
        }
    }
}
